// !$*UTF8*$!
{
	archiveVersion = 1;
	classes = {
	};
	objectVersion = 46;
	objects = {

/* Begin PBXBuildFile section */
		4420C3A44EF5A9352F17E711 /* libPods-LJPhotoBrowser.a in Frameworks */ = {isa = PBXBuildFile; fileRef = F8DAB0830572F6EB487CF815 /* libPods-LJPhotoBrowser.a */; };
		A71DC4141EE9A0B7000DE03E /* LJTapDetectingImageView.m in Sources */ = {isa = PBXBuildFile; fileRef = A71DC4131EE9A0B7000DE03E /* LJTapDetectingImageView.m */; };
		A71DC4171EE9A0D0000DE03E /* LJTapDetectingView.m in Sources */ = {isa = PBXBuildFile; fileRef = A71DC4161EE9A0D0000DE03E /* LJTapDetectingView.m */; };
		A71DC41B1EEA0C8C000DE03E /* LJZoomingScrollView.m in Sources */ = {isa = PBXBuildFile; fileRef = A71DC41A1EEA0C8C000DE03E /* LJZoomingScrollView.m */; };
		A71DC4651EEB878B000DE03E /* photo11.gif in Resources */ = {isa = PBXBuildFile; fileRef = A71DC4641EEB878B000DE03E /* photo11.gif */; };
		A71DC47B1EED0BAE000DE03E /* LJBrowserHelper.m in Sources */ = {isa = PBXBuildFile; fileRef = A71DC47A1EED0BAE000DE03E /* LJBrowserHelper.m */; };
		A71DC47E1EED2D14000DE03E /* video_thumb.jpg in Resources */ = {isa = PBXBuildFile; fileRef = A71DC47C1EED2D14000DE03E /* video_thumb.jpg */; };
		A71DC47F1EED2D14000DE03E /* video.mp4 in Resources */ = {isa = PBXBuildFile; fileRef = A71DC47D1EED2D14000DE03E /* video.mp4 */; };
		A72B23251EEE3D1C009CEC12 /* Checkmark.png in Resources */ = {isa = PBXBuildFile; fileRef = A72B22FC1EEE3D1C009CEC12 /* Checkmark.png */; };
		A72B23261EEE3D1C009CEC12 /* Checkmark@2x.png in Resources */ = {isa = PBXBuildFile; fileRef = A72B22FD1EEE3D1C009CEC12 /* Checkmark@2x.png */; };
		A72B23271EEE3D1C009CEC12 /* ImageError.png in Resources */ = {isa = PBXBuildFile; fileRef = A72B22FE1EEE3D1C009CEC12 /* ImageError.png */; };
		A72B23281EEE3D1C009CEC12 /* ImageError@2x.png in Resources */ = {isa = PBXBuildFile; fileRef = A72B22FF1EEE3D1C009CEC12 /* ImageError@2x.png */; };
		A72B23291EEE3D1C009CEC12 /* ImageError@3x.png in Resources */ = {isa = PBXBuildFile; fileRef = A72B23001EEE3D1C009CEC12 /* ImageError@3x.png */; };
		A72B232A1EEE3D1C009CEC12 /* ImageSelectedOff.png in Resources */ = {isa = PBXBuildFile; fileRef = A72B23011EEE3D1C009CEC12 /* ImageSelectedOff.png */; };
		A72B232B1EEE3D1C009CEC12 /* ImageSelectedOff@2x.png in Resources */ = {isa = PBXBuildFile; fileRef = A72B23021EEE3D1C009CEC12 /* ImageSelectedOff@2x.png */; };
		A72B232C1EEE3D1C009CEC12 /* ImageSelectedOff@3x.png in Resources */ = {isa = PBXBuildFile; fileRef = A72B23031EEE3D1C009CEC12 /* ImageSelectedOff@3x.png */; };
		A72B232D1EEE3D1C009CEC12 /* ImageSelectedOn.png in Resources */ = {isa = PBXBuildFile; fileRef = A72B23041EEE3D1C009CEC12 /* ImageSelectedOn.png */; };
		A72B232E1EEE3D1C009CEC12 /* ImageSelectedOn@2x.png in Resources */ = {isa = PBXBuildFile; fileRef = A72B23051EEE3D1C009CEC12 /* ImageSelectedOn@2x.png */; };
		A72B232F1EEE3D1C009CEC12 /* ImageSelectedOn@3x.png in Resources */ = {isa = PBXBuildFile; fileRef = A72B23061EEE3D1C009CEC12 /* ImageSelectedOn@3x.png */; };
		A72B23301EEE3D1C009CEC12 /* ImageSelectedSmallOff.png in Resources */ = {isa = PBXBuildFile; fileRef = A72B23071EEE3D1C009CEC12 /* ImageSelectedSmallOff.png */; };
		A72B23311EEE3D1C009CEC12 /* ImageSelectedSmallOff@2x.png in Resources */ = {isa = PBXBuildFile; fileRef = A72B23081EEE3D1C009CEC12 /* ImageSelectedSmallOff@2x.png */; };
		A72B23321EEE3D1C009CEC12 /* ImageSelectedSmallOff@3x.png in Resources */ = {isa = PBXBuildFile; fileRef = A72B23091EEE3D1C009CEC12 /* ImageSelectedSmallOff@3x.png */; };
		A72B23331EEE3D1C009CEC12 /* ImageSelectedSmallOn.png in Resources */ = {isa = PBXBuildFile; fileRef = A72B230A1EEE3D1C009CEC12 /* ImageSelectedSmallOn.png */; };
		A72B23341EEE3D1C009CEC12 /* ImageSelectedSmallOn@2x.png in Resources */ = {isa = PBXBuildFile; fileRef = A72B230B1EEE3D1C009CEC12 /* ImageSelectedSmallOn@2x.png */; };
		A72B23351EEE3D1C009CEC12 /* ImageSelectedSmallOn@3x.png in Resources */ = {isa = PBXBuildFile; fileRef = A72B230C1EEE3D1C009CEC12 /* ImageSelectedSmallOn@3x.png */; };
		A72B23361EEE3D1C009CEC12 /* PlayButtonOverlayLarge.png in Resources */ = {isa = PBXBuildFile; fileRef = A72B230D1EEE3D1C009CEC12 /* PlayButtonOverlayLarge.png */; };
		A72B23371EEE3D1C009CEC12 /* PlayButtonOverlayLarge@2x.png in Resources */ = {isa = PBXBuildFile; fileRef = A72B230E1EEE3D1C009CEC12 /* PlayButtonOverlayLarge@2x.png */; };
		A72B23381EEE3D1C009CEC12 /* PlayButtonOverlayLarge@3x.png in Resources */ = {isa = PBXBuildFile; fileRef = A72B230F1EEE3D1C009CEC12 /* PlayButtonOverlayLarge@3x.png */; };
		A72B23391EEE3D1C009CEC12 /* PlayButtonOverlayLargeTap.png in Resources */ = {isa = PBXBuildFile; fileRef = A72B23101EEE3D1C009CEC12 /* PlayButtonOverlayLargeTap.png */; };
		A72B233A1EEE3D1C009CEC12 /* PlayButtonOverlayLargeTap@2x.png in Resources */ = {isa = PBXBuildFile; fileRef = A72B23111EEE3D1C009CEC12 /* PlayButtonOverlayLargeTap@2x.png */; };
		A72B233B1EEE3D1C009CEC12 /* PlayButtonOverlayLargeTap@3x.png in Resources */ = {isa = PBXBuildFile; fileRef = A72B23121EEE3D1C009CEC12 /* PlayButtonOverlayLargeTap@3x.png */; };
		A72B233C1EEE3D1C009CEC12 /* UIBarButtonItemArrowLeft.png in Resources */ = {isa = PBXBuildFile; fileRef = A72B23131EEE3D1C009CEC12 /* UIBarButtonItemArrowLeft.png */; };
		A72B233D1EEE3D1C009CEC12 /* UIBarButtonItemArrowLeft@2x.png in Resources */ = {isa = PBXBuildFile; fileRef = A72B23141EEE3D1C009CEC12 /* UIBarButtonItemArrowLeft@2x.png */; };
		A72B233E1EEE3D1C009CEC12 /* UIBarButtonItemArrowLeft@3x.png in Resources */ = {isa = PBXBuildFile; fileRef = A72B23151EEE3D1C009CEC12 /* UIBarButtonItemArrowLeft@3x.png */; };
		A72B233F1EEE3D1C009CEC12 /* UIBarButtonItemArrowOutlineLeft.png in Resources */ = {isa = PBXBuildFile; fileRef = A72B23161EEE3D1C009CEC12 /* UIBarButtonItemArrowOutlineLeft.png */; };
		A72B23401EEE3D1C009CEC12 /* UIBarButtonItemArrowOutlineLeft@2x.png in Resources */ = {isa = PBXBuildFile; fileRef = A72B23171EEE3D1C009CEC12 /* UIBarButtonItemArrowOutlineLeft@2x.png */; };
		A72B23411EEE3D1C009CEC12 /* UIBarButtonItemArrowOutlineRight.png in Resources */ = {isa = PBXBuildFile; fileRef = A72B23181EEE3D1C009CEC12 /* UIBarButtonItemArrowOutlineRight.png */; };
		A72B23421EEE3D1C009CEC12 /* UIBarButtonItemArrowOutlineRight@2x.png in Resources */ = {isa = PBXBuildFile; fileRef = A72B23191EEE3D1C009CEC12 /* UIBarButtonItemArrowOutlineRight@2x.png */; };
		A72B23431EEE3D1C009CEC12 /* UIBarButtonItemArrowRight.png in Resources */ = {isa = PBXBuildFile; fileRef = A72B231A1EEE3D1C009CEC12 /* UIBarButtonItemArrowRight.png */; };
		A72B23441EEE3D1C009CEC12 /* UIBarButtonItemArrowRight@2x.png in Resources */ = {isa = PBXBuildFile; fileRef = A72B231B1EEE3D1C009CEC12 /* UIBarButtonItemArrowRight@2x.png */; };
		A72B23451EEE3D1C009CEC12 /* UIBarButtonItemArrowRight@3x.png in Resources */ = {isa = PBXBuildFile; fileRef = A72B231C1EEE3D1C009CEC12 /* UIBarButtonItemArrowRight@3x.png */; };
		A72B23461EEE3D1C009CEC12 /* UIBarButtonItemGrid.png in Resources */ = {isa = PBXBuildFile; fileRef = A72B231D1EEE3D1C009CEC12 /* UIBarButtonItemGrid.png */; };
		A72B23471EEE3D1C009CEC12 /* UIBarButtonItemGrid@2x.png in Resources */ = {isa = PBXBuildFile; fileRef = A72B231E1EEE3D1C009CEC12 /* UIBarButtonItemGrid@2x.png */; };
		A72B23481EEE3D1C009CEC12 /* UIBarButtonItemGrid@3x.png in Resources */ = {isa = PBXBuildFile; fileRef = A72B231F1EEE3D1C009CEC12 /* UIBarButtonItemGrid@3x.png */; };
		A72B23491EEE3D1C009CEC12 /* UIBarButtonItemGridiOS6.png in Resources */ = {isa = PBXBuildFile; fileRef = A72B23201EEE3D1C009CEC12 /* UIBarButtonItemGridiOS6.png */; };
		A72B234A1EEE3D1C009CEC12 /* UIBarButtonItemGridiOS6@2x.png in Resources */ = {isa = PBXBuildFile; fileRef = A72B23211EEE3D1C009CEC12 /* UIBarButtonItemGridiOS6@2x.png */; };
		A72B234B1EEE3D1C009CEC12 /* VideoOverlay.png in Resources */ = {isa = PBXBuildFile; fileRef = A72B23221EEE3D1C009CEC12 /* VideoOverlay.png */; };
		A72B234C1EEE3D1C009CEC12 /* VideoOverlay@2x.png in Resources */ = {isa = PBXBuildFile; fileRef = A72B23231EEE3D1C009CEC12 /* VideoOverlay@2x.png */; };
		A72B234D1EEE3D1C009CEC12 /* VideoOverlay@3x.png in Resources */ = {isa = PBXBuildFile; fileRef = A72B23241EEE3D1C009CEC12 /* VideoOverlay@3x.png */; };
		A779A6171EE99B1700A5C6EF /* photo1.jpg in Resources */ = {isa = PBXBuildFile; fileRef = A779A60B1EE99B1700A5C6EF /* photo1.jpg */; };
		A779A6181EE99B1700A5C6EF /* photo10.jpg in Resources */ = {isa = PBXBuildFile; fileRef = A779A60C1EE99B1700A5C6EF /* photo10.jpg */; };
		A779A6191EE99B1700A5C6EF /* photo11.jpg in Resources */ = {isa = PBXBuildFile; fileRef = A779A60D1EE99B1700A5C6EF /* photo11.jpg */; };
		A779A61A1EE99B1700A5C6EF /* photo2.jpg in Resources */ = {isa = PBXBuildFile; fileRef = A779A60E1EE99B1700A5C6EF /* photo2.jpg */; };
		A779A61B1EE99B1700A5C6EF /* photo3.jpg in Resources */ = {isa = PBXBuildFile; fileRef = A779A60F1EE99B1700A5C6EF /* photo3.jpg */; };
		A779A61C1EE99B1700A5C6EF /* photo4.jpg in Resources */ = {isa = PBXBuildFile; fileRef = A779A6101EE99B1700A5C6EF /* photo4.jpg */; };
		A779A61D1EE99B1700A5C6EF /* photo5.jpg in Resources */ = {isa = PBXBuildFile; fileRef = A779A6111EE99B1700A5C6EF /* photo5.jpg */; };
		A779A61E1EE99B1700A5C6EF /* photo6.jpg in Resources */ = {isa = PBXBuildFile; fileRef = A779A6121EE99B1700A5C6EF /* photo6.jpg */; };
		A779A61F1EE99B1700A5C6EF /* photo7.jpg in Resources */ = {isa = PBXBuildFile; fileRef = A779A6131EE99B1700A5C6EF /* photo7.jpg */; };
		A779A6201EE99B1700A5C6EF /* photo8.jpg in Resources */ = {isa = PBXBuildFile; fileRef = A779A6141EE99B1700A5C6EF /* photo8.jpg */; };
		A779A6211EE99B1700A5C6EF /* photo9.jpg in Resources */ = {isa = PBXBuildFile; fileRef = A779A6151EE99B1700A5C6EF /* photo9.jpg */; };
		A7B59A461EDD3E0700C3CB42 /* main.m in Sources */ = {isa = PBXBuildFile; fileRef = A7B59A451EDD3E0700C3CB42 /* main.m */; };
		A7B59A491EDD3E0700C3CB42 /* AppDelegate.m in Sources */ = {isa = PBXBuildFile; fileRef = A7B59A481EDD3E0700C3CB42 /* AppDelegate.m */; };
		A7B59A4F1EDD3E0700C3CB42 /* Main.storyboard in Resources */ = {isa = PBXBuildFile; fileRef = A7B59A4D1EDD3E0700C3CB42 /* Main.storyboard */; };
		A7B59A511EDD3E0700C3CB42 /* Assets.xcassets in Resources */ = {isa = PBXBuildFile; fileRef = A7B59A501EDD3E0700C3CB42 /* Assets.xcassets */; };
		A7B59A541EDD3E0700C3CB42 /* LaunchScreen.storyboard in Resources */ = {isa = PBXBuildFile; fileRef = A7B59A521EDD3E0700C3CB42 /* LaunchScreen.storyboard */; };
		A7F62DCE1EDEA68B0082C324 /* ViewController.m in Sources */ = {isa = PBXBuildFile; fileRef = A7F62DCD1EDEA68B0082C324 /* ViewController.m */; };
		A7F62DDA1EDEAFE60082C324 /* LJPhoto.m in Sources */ = {isa = PBXBuildFile; fileRef = A7F62DD91EDEAFE60082C324 /* LJPhoto.m */; };
		A7F62DDD1EDEB1340082C324 /* LJPhotoBrowser.m in Sources */ = {isa = PBXBuildFile; fileRef = A7F62DDC1EDEB1330082C324 /* LJPhotoBrowser.m */; };
/* End PBXBuildFile section */

/* Begin PBXContainerItemProxy section */
		A7B59A5B1EDD3E0700C3CB42 /* PBXContainerItemProxy */ = {
			isa = PBXContainerItemProxy;
			containerPortal = A7B59A391EDD3E0700C3CB42 /* Project object */;
			proxyType = 1;
			remoteGlobalIDString = A7B59A401EDD3E0700C3CB42;
			remoteInfo = LJPhotoBrowser;
		};
		A7B59A661EDD3E0700C3CB42 /* PBXContainerItemProxy */ = {
			isa = PBXContainerItemProxy;
			containerPortal = A7B59A391EDD3E0700C3CB42 /* Project object */;
			proxyType = 1;
			remoteGlobalIDString = A7B59A401EDD3E0700C3CB42;
			remoteInfo = LJPhotoBrowser;
		};
/* End PBXContainerItemProxy section */

/* Begin PBXFileReference section */
		95B557956D501754D5CE8C48 /* Pods-LJPhotoBrowser.release.xcconfig */ = {isa = PBXFileReference; includeInIndex = 1; lastKnownFileType = text.xcconfig; name = "Pods-LJPhotoBrowser.release.xcconfig"; path = "Pods/Target Support Files/Pods-LJPhotoBrowser/Pods-LJPhotoBrowser.release.xcconfig"; sourceTree = "<group>"; };
		A71DC4121EE9A0B7000DE03E /* LJTapDetectingImageView.h */ = {isa = PBXFileReference; fileEncoding = 4; lastKnownFileType = sourcecode.c.h; path = LJTapDetectingImageView.h; sourceTree = "<group>"; };
		A71DC4131EE9A0B7000DE03E /* LJTapDetectingImageView.m */ = {isa = PBXFileReference; fileEncoding = 4; lastKnownFileType = sourcecode.c.objc; path = LJTapDetectingImageView.m; sourceTree = "<group>"; };
		A71DC4151EE9A0D0000DE03E /* LJTapDetectingView.h */ = {isa = PBXFileReference; fileEncoding = 4; lastKnownFileType = sourcecode.c.h; path = LJTapDetectingView.h; sourceTree = "<group>"; };
		A71DC4161EE9A0D0000DE03E /* LJTapDetectingView.m */ = {isa = PBXFileReference; fileEncoding = 4; lastKnownFileType = sourcecode.c.objc; path = LJTapDetectingView.m; sourceTree = "<group>"; };
		A71DC4191EEA0C8C000DE03E /* LJZoomingScrollView.h */ = {isa = PBXFileReference; fileEncoding = 4; lastKnownFileType = sourcecode.c.h; path = LJZoomingScrollView.h; sourceTree = "<group>"; };
		A71DC41A1EEA0C8C000DE03E /* LJZoomingScrollView.m */ = {isa = PBXFileReference; fileEncoding = 4; lastKnownFileType = sourcecode.c.objc; path = LJZoomingScrollView.m; sourceTree = "<group>"; };
		A71DC4631EEB6C4B000DE03E /* LJPhotoBrowserPrivate.h */ = {isa = PBXFileReference; lastKnownFileType = sourcecode.c.h; path = LJPhotoBrowserPrivate.h; sourceTree = "<group>"; };
		A71DC4641EEB878B000DE03E /* photo11.gif */ = {isa = PBXFileReference; lastKnownFileType = image.gif; path = photo11.gif; sourceTree = "<group>"; };
		A71DC4791EED0BAE000DE03E /* LJBrowserHelper.h */ = {isa = PBXFileReference; fileEncoding = 4; lastKnownFileType = sourcecode.c.h; path = LJBrowserHelper.h; sourceTree = "<group>"; };
		A71DC47A1EED0BAE000DE03E /* LJBrowserHelper.m */ = {isa = PBXFileReference; fileEncoding = 4; lastKnownFileType = sourcecode.c.objc; path = LJBrowserHelper.m; sourceTree = "<group>"; };
		A71DC47C1EED2D14000DE03E /* video_thumb.jpg */ = {isa = PBXFileReference; lastKnownFileType = image.jpeg; path = video_thumb.jpg; sourceTree = "<group>"; };
		A71DC47D1EED2D14000DE03E /* video.mp4 */ = {isa = PBXFileReference; lastKnownFileType = file; path = video.mp4; sourceTree = "<group>"; };
		A72B22FC1EEE3D1C009CEC12 /* Checkmark.png */ = {isa = PBXFileReference; lastKnownFileType = image.png; path = Checkmark.png; sourceTree = "<group>"; };
		A72B22FD1EEE3D1C009CEC12 /* Checkmark@2x.png */ = {isa = PBXFileReference; lastKnownFileType = image.png; path = "Checkmark@2x.png"; sourceTree = "<group>"; };
		A72B22FE1EEE3D1C009CEC12 /* ImageError.png */ = {isa = PBXFileReference; lastKnownFileType = image.png; path = ImageError.png; sourceTree = "<group>"; };
		A72B22FF1EEE3D1C009CEC12 /* ImageError@2x.png */ = {isa = PBXFileReference; lastKnownFileType = image.png; path = "ImageError@2x.png"; sourceTree = "<group>"; };
		A72B23001EEE3D1C009CEC12 /* ImageError@3x.png */ = {isa = PBXFileReference; lastKnownFileType = image.png; path = "ImageError@3x.png"; sourceTree = "<group>"; };
		A72B23011EEE3D1C009CEC12 /* ImageSelectedOff.png */ = {isa = PBXFileReference; lastKnownFileType = image.png; path = ImageSelectedOff.png; sourceTree = "<group>"; };
		A72B23021EEE3D1C009CEC12 /* ImageSelectedOff@2x.png */ = {isa = PBXFileReference; lastKnownFileType = image.png; path = "ImageSelectedOff@2x.png"; sourceTree = "<group>"; };
		A72B23031EEE3D1C009CEC12 /* ImageSelectedOff@3x.png */ = {isa = PBXFileReference; lastKnownFileType = image.png; path = "ImageSelectedOff@3x.png"; sourceTree = "<group>"; };
		A72B23041EEE3D1C009CEC12 /* ImageSelectedOn.png */ = {isa = PBXFileReference; lastKnownFileType = image.png; path = ImageSelectedOn.png; sourceTree = "<group>"; };
		A72B23051EEE3D1C009CEC12 /* ImageSelectedOn@2x.png */ = {isa = PBXFileReference; lastKnownFileType = image.png; path = "ImageSelectedOn@2x.png"; sourceTree = "<group>"; };
		A72B23061EEE3D1C009CEC12 /* ImageSelectedOn@3x.png */ = {isa = PBXFileReference; lastKnownFileType = image.png; path = "ImageSelectedOn@3x.png"; sourceTree = "<group>"; };
		A72B23071EEE3D1C009CEC12 /* ImageSelectedSmallOff.png */ = {isa = PBXFileReference; lastKnownFileType = image.png; path = ImageSelectedSmallOff.png; sourceTree = "<group>"; };
		A72B23081EEE3D1C009CEC12 /* ImageSelectedSmallOff@2x.png */ = {isa = PBXFileReference; lastKnownFileType = image.png; path = "ImageSelectedSmallOff@2x.png"; sourceTree = "<group>"; };
		A72B23091EEE3D1C009CEC12 /* ImageSelectedSmallOff@3x.png */ = {isa = PBXFileReference; lastKnownFileType = image.png; path = "ImageSelectedSmallOff@3x.png"; sourceTree = "<group>"; };
		A72B230A1EEE3D1C009CEC12 /* ImageSelectedSmallOn.png */ = {isa = PBXFileReference; lastKnownFileType = image.png; path = ImageSelectedSmallOn.png; sourceTree = "<group>"; };
		A72B230B1EEE3D1C009CEC12 /* ImageSelectedSmallOn@2x.png */ = {isa = PBXFileReference; lastKnownFileType = image.png; path = "ImageSelectedSmallOn@2x.png"; sourceTree = "<group>"; };
		A72B230C1EEE3D1C009CEC12 /* ImageSelectedSmallOn@3x.png */ = {isa = PBXFileReference; lastKnownFileType = image.png; path = "ImageSelectedSmallOn@3x.png"; sourceTree = "<group>"; };
		A72B230D1EEE3D1C009CEC12 /* PlayButtonOverlayLarge.png */ = {isa = PBXFileReference; lastKnownFileType = image.png; path = PlayButtonOverlayLarge.png; sourceTree = "<group>"; };
		A72B230E1EEE3D1C009CEC12 /* PlayButtonOverlayLarge@2x.png */ = {isa = PBXFileReference; lastKnownFileType = image.png; path = "PlayButtonOverlayLarge@2x.png"; sourceTree = "<group>"; };
		A72B230F1EEE3D1C009CEC12 /* PlayButtonOverlayLarge@3x.png */ = {isa = PBXFileReference; lastKnownFileType = image.png; path = "PlayButtonOverlayLarge@3x.png"; sourceTree = "<group>"; };
		A72B23101EEE3D1C009CEC12 /* PlayButtonOverlayLargeTap.png */ = {isa = PBXFileReference; lastKnownFileType = image.png; path = PlayButtonOverlayLargeTap.png; sourceTree = "<group>"; };
		A72B23111EEE3D1C009CEC12 /* PlayButtonOverlayLargeTap@2x.png */ = {isa = PBXFileReference; lastKnownFileType = image.png; path = "PlayButtonOverlayLargeTap@2x.png"; sourceTree = "<group>"; };
		A72B23121EEE3D1C009CEC12 /* PlayButtonOverlayLargeTap@3x.png */ = {isa = PBXFileReference; lastKnownFileType = image.png; path = "PlayButtonOverlayLargeTap@3x.png"; sourceTree = "<group>"; };
		A72B23131EEE3D1C009CEC12 /* UIBarButtonItemArrowLeft.png */ = {isa = PBXFileReference; lastKnownFileType = image.png; path = UIBarButtonItemArrowLeft.png; sourceTree = "<group>"; };
		A72B23141EEE3D1C009CEC12 /* UIBarButtonItemArrowLeft@2x.png */ = {isa = PBXFileReference; lastKnownFileType = image.png; path = "UIBarButtonItemArrowLeft@2x.png"; sourceTree = "<group>"; };
		A72B23151EEE3D1C009CEC12 /* UIBarButtonItemArrowLeft@3x.png */ = {isa = PBXFileReference; lastKnownFileType = image.png; path = "UIBarButtonItemArrowLeft@3x.png"; sourceTree = "<group>"; };
		A72B23161EEE3D1C009CEC12 /* UIBarButtonItemArrowOutlineLeft.png */ = {isa = PBXFileReference; lastKnownFileType = image.png; path = UIBarButtonItemArrowOutlineLeft.png; sourceTree = "<group>"; };
		A72B23171EEE3D1C009CEC12 /* UIBarButtonItemArrowOutlineLeft@2x.png */ = {isa = PBXFileReference; lastKnownFileType = image.png; path = "UIBarButtonItemArrowOutlineLeft@2x.png"; sourceTree = "<group>"; };
		A72B23181EEE3D1C009CEC12 /* UIBarButtonItemArrowOutlineRight.png */ = {isa = PBXFileReference; lastKnownFileType = image.png; path = UIBarButtonItemArrowOutlineRight.png; sourceTree = "<group>"; };
		A72B23191EEE3D1C009CEC12 /* UIBarButtonItemArrowOutlineRight@2x.png */ = {isa = PBXFileReference; lastKnownFileType = image.png; path = "UIBarButtonItemArrowOutlineRight@2x.png"; sourceTree = "<group>"; };
		A72B231A1EEE3D1C009CEC12 /* UIBarButtonItemArrowRight.png */ = {isa = PBXFileReference; lastKnownFileType = image.png; path = UIBarButtonItemArrowRight.png; sourceTree = "<group>"; };
		A72B231B1EEE3D1C009CEC12 /* UIBarButtonItemArrowRight@2x.png */ = {isa = PBXFileReference; lastKnownFileType = image.png; path = "UIBarButtonItemArrowRight@2x.png"; sourceTree = "<group>"; };
		A72B231C1EEE3D1C009CEC12 /* UIBarButtonItemArrowRight@3x.png */ = {isa = PBXFileReference; lastKnownFileType = image.png; path = "UIBarButtonItemArrowRight@3x.png"; sourceTree = "<group>"; };
		A72B231D1EEE3D1C009CEC12 /* UIBarButtonItemGrid.png */ = {isa = PBXFileReference; lastKnownFileType = image.png; path = UIBarButtonItemGrid.png; sourceTree = "<group>"; };
		A72B231E1EEE3D1C009CEC12 /* UIBarButtonItemGrid@2x.png */ = {isa = PBXFileReference; lastKnownFileType = image.png; path = "UIBarButtonItemGrid@2x.png"; sourceTree = "<group>"; };
		A72B231F1EEE3D1C009CEC12 /* UIBarButtonItemGrid@3x.png */ = {isa = PBXFileReference; lastKnownFileType = image.png; path = "UIBarButtonItemGrid@3x.png"; sourceTree = "<group>"; };
		A72B23201EEE3D1C009CEC12 /* UIBarButtonItemGridiOS6.png */ = {isa = PBXFileReference; lastKnownFileType = image.png; path = UIBarButtonItemGridiOS6.png; sourceTree = "<group>"; };
		A72B23211EEE3D1C009CEC12 /* UIBarButtonItemGridiOS6@2x.png */ = {isa = PBXFileReference; lastKnownFileType = image.png; path = "UIBarButtonItemGridiOS6@2x.png"; sourceTree = "<group>"; };
		A72B23221EEE3D1C009CEC12 /* VideoOverlay.png */ = {isa = PBXFileReference; lastKnownFileType = image.png; path = VideoOverlay.png; sourceTree = "<group>"; };
		A72B23231EEE3D1C009CEC12 /* VideoOverlay@2x.png */ = {isa = PBXFileReference; lastKnownFileType = image.png; path = "VideoOverlay@2x.png"; sourceTree = "<group>"; };
		A72B23241EEE3D1C009CEC12 /* VideoOverlay@3x.png */ = {isa = PBXFileReference; lastKnownFileType = image.png; path = "VideoOverlay@3x.png"; sourceTree = "<group>"; };
		A779A60B1EE99B1700A5C6EF /* photo1.jpg */ = {isa = PBXFileReference; lastKnownFileType = image.jpeg; path = photo1.jpg; sourceTree = "<group>"; };
		A779A60C1EE99B1700A5C6EF /* photo10.jpg */ = {isa = PBXFileReference; lastKnownFileType = image.jpeg; path = photo10.jpg; sourceTree = "<group>"; };
		A779A60D1EE99B1700A5C6EF /* photo11.jpg */ = {isa = PBXFileReference; lastKnownFileType = image.jpeg; path = photo11.jpg; sourceTree = "<group>"; };
		A779A60E1EE99B1700A5C6EF /* photo2.jpg */ = {isa = PBXFileReference; lastKnownFileType = image.jpeg; path = photo2.jpg; sourceTree = "<group>"; };
		A779A60F1EE99B1700A5C6EF /* photo3.jpg */ = {isa = PBXFileReference; lastKnownFileType = image.jpeg; path = photo3.jpg; sourceTree = "<group>"; };
		A779A6101EE99B1700A5C6EF /* photo4.jpg */ = {isa = PBXFileReference; lastKnownFileType = image.jpeg; path = photo4.jpg; sourceTree = "<group>"; };
		A779A6111EE99B1700A5C6EF /* photo5.jpg */ = {isa = PBXFileReference; lastKnownFileType = image.jpeg; path = photo5.jpg; sourceTree = "<group>"; };
		A779A6121EE99B1700A5C6EF /* photo6.jpg */ = {isa = PBXFileReference; lastKnownFileType = image.jpeg; path = photo6.jpg; sourceTree = "<group>"; };
		A779A6131EE99B1700A5C6EF /* photo7.jpg */ = {isa = PBXFileReference; lastKnownFileType = image.jpeg; path = photo7.jpg; sourceTree = "<group>"; };
		A779A6141EE99B1700A5C6EF /* photo8.jpg */ = {isa = PBXFileReference; lastKnownFileType = image.jpeg; path = photo8.jpg; sourceTree = "<group>"; };
		A779A6151EE99B1700A5C6EF /* photo9.jpg */ = {isa = PBXFileReference; lastKnownFileType = image.jpeg; path = photo9.jpg; sourceTree = "<group>"; };
		A7B59A411EDD3E0700C3CB42 /* LJPhotoBrowser.app */ = {isa = PBXFileReference; explicitFileType = wrapper.application; includeInIndex = 0; path = LJPhotoBrowser.app; sourceTree = BUILT_PRODUCTS_DIR; };
		A7B59A451EDD3E0700C3CB42 /* main.m */ = {isa = PBXFileReference; lastKnownFileType = sourcecode.c.objc; path = main.m; sourceTree = "<group>"; };
		A7B59A471EDD3E0700C3CB42 /* AppDelegate.h */ = {isa = PBXFileReference; lastKnownFileType = sourcecode.c.h; path = AppDelegate.h; sourceTree = "<group>"; };
		A7B59A481EDD3E0700C3CB42 /* AppDelegate.m */ = {isa = PBXFileReference; lastKnownFileType = sourcecode.c.objc; path = AppDelegate.m; sourceTree = "<group>"; };
		A7B59A4E1EDD3E0700C3CB42 /* Base */ = {isa = PBXFileReference; lastKnownFileType = file.storyboard; name = Base; path = Base.lproj/Main.storyboard; sourceTree = "<group>"; };
		A7B59A501EDD3E0700C3CB42 /* Assets.xcassets */ = {isa = PBXFileReference; lastKnownFileType = folder.assetcatalog; path = Assets.xcassets; sourceTree = "<group>"; };
		A7B59A531EDD3E0700C3CB42 /* Base */ = {isa = PBXFileReference; lastKnownFileType = file.storyboard; name = Base; path = Base.lproj/LaunchScreen.storyboard; sourceTree = "<group>"; };
		A7B59A551EDD3E0700C3CB42 /* Info.plist */ = {isa = PBXFileReference; lastKnownFileType = text.plist.xml; path = Info.plist; sourceTree = "<group>"; };
		A7B59A5A1EDD3E0700C3CB42 /* LJPhotoBrowserTests.xctest */ = {isa = PBXFileReference; explicitFileType = wrapper.cfbundle; includeInIndex = 0; path = LJPhotoBrowserTests.xctest; sourceTree = BUILT_PRODUCTS_DIR; };
		A7B59A651EDD3E0700C3CB42 /* LJPhotoBrowserUITests.xctest */ = {isa = PBXFileReference; explicitFileType = wrapper.cfbundle; includeInIndex = 0; path = LJPhotoBrowserUITests.xctest; sourceTree = BUILT_PRODUCTS_DIR; };
		A7F62DC21EDEA4D10082C324 /* LJCommonMacro.h */ = {isa = PBXFileReference; lastKnownFileType = sourcecode.c.h; path = LJCommonMacro.h; sourceTree = "<group>"; };
		A7F62DCC1EDEA68B0082C324 /* ViewController.h */ = {isa = PBXFileReference; fileEncoding = 4; lastKnownFileType = sourcecode.c.h; path = ViewController.h; sourceTree = "<group>"; };
		A7F62DCD1EDEA68B0082C324 /* ViewController.m */ = {isa = PBXFileReference; fileEncoding = 4; lastKnownFileType = sourcecode.c.objc; path = ViewController.m; sourceTree = "<group>"; };
		A7F62DD61EDEACDA0082C324 /* LJPhotoProtocol.h */ = {isa = PBXFileReference; lastKnownFileType = sourcecode.c.h; path = LJPhotoProtocol.h; sourceTree = "<group>"; };
		A7F62DD81EDEAFE60082C324 /* LJPhoto.h */ = {isa = PBXFileReference; fileEncoding = 4; lastKnownFileType = sourcecode.c.h; path = LJPhoto.h; sourceTree = "<group>"; };
		A7F62DD91EDEAFE60082C324 /* LJPhoto.m */ = {isa = PBXFileReference; fileEncoding = 4; lastKnownFileType = sourcecode.c.objc; path = LJPhoto.m; sourceTree = "<group>"; };
		A7F62DDB1EDEB1330082C324 /* LJPhotoBrowser.h */ = {isa = PBXFileReference; fileEncoding = 4; lastKnownFileType = sourcecode.c.h; path = LJPhotoBrowser.h; sourceTree = "<group>"; };
		A7F62DDC1EDEB1330082C324 /* LJPhotoBrowser.m */ = {isa = PBXFileReference; fileEncoding = 4; lastKnownFileType = sourcecode.c.objc; path = LJPhotoBrowser.m; sourceTree = "<group>"; };
		D71462B4410BFCF65FE7377E /* Pods-LJPhotoBrowser.debug.xcconfig */ = {isa = PBXFileReference; includeInIndex = 1; lastKnownFileType = text.xcconfig; name = "Pods-LJPhotoBrowser.debug.xcconfig"; path = "Pods/Target Support Files/Pods-LJPhotoBrowser/Pods-LJPhotoBrowser.debug.xcconfig"; sourceTree = "<group>"; };
		F8DAB0830572F6EB487CF815 /* libPods-LJPhotoBrowser.a */ = {isa = PBXFileReference; explicitFileType = archive.ar; includeInIndex = 0; path = "libPods-LJPhotoBrowser.a"; sourceTree = BUILT_PRODUCTS_DIR; };
/* End PBXFileReference section */

/* Begin PBXFrameworksBuildPhase section */
		A7B59A3E1EDD3E0700C3CB42 /* Frameworks */ = {
			isa = PBXFrameworksBuildPhase;
			buildActionMask = 2147483647;
			files = (
				4420C3A44EF5A9352F17E711 /* libPods-LJPhotoBrowser.a in Frameworks */,
			);
			runOnlyForDeploymentPostprocessing = 0;
		};
		A7B59A571EDD3E0700C3CB42 /* Frameworks */ = {
			isa = PBXFrameworksBuildPhase;
			buildActionMask = 2147483647;
			files = (
			);
			runOnlyForDeploymentPostprocessing = 0;
		};
		A7B59A621EDD3E0700C3CB42 /* Frameworks */ = {
			isa = PBXFrameworksBuildPhase;
			buildActionMask = 2147483647;
			files = (
			);
			runOnlyForDeploymentPostprocessing = 0;
		};
/* End PBXFrameworksBuildPhase section */

/* Begin PBXGroup section */
		873B536080E1B24FEB39BDF3 /* Pods */ = {
			isa = PBXGroup;
			children = (
				D71462B4410BFCF65FE7377E /* Pods-LJPhotoBrowser.debug.xcconfig */,
				95B557956D501754D5CE8C48 /* Pods-LJPhotoBrowser.release.xcconfig */,
			);
			name = Pods;
			sourceTree = "<group>";
		};
		A72B22FB1EEE3D1C009CEC12 /* LJPhotoBrowser */ = {
			isa = PBXGroup;
			children = (
				A72B22FC1EEE3D1C009CEC12 /* Checkmark.png */,
				A72B22FD1EEE3D1C009CEC12 /* Checkmark@2x.png */,
				A72B22FE1EEE3D1C009CEC12 /* ImageError.png */,
				A72B22FF1EEE3D1C009CEC12 /* ImageError@2x.png */,
				A72B23001EEE3D1C009CEC12 /* ImageError@3x.png */,
				A72B23011EEE3D1C009CEC12 /* ImageSelectedOff.png */,
				A72B23021EEE3D1C009CEC12 /* ImageSelectedOff@2x.png */,
				A72B23031EEE3D1C009CEC12 /* ImageSelectedOff@3x.png */,
				A72B23041EEE3D1C009CEC12 /* ImageSelectedOn.png */,
				A72B23051EEE3D1C009CEC12 /* ImageSelectedOn@2x.png */,
				A72B23061EEE3D1C009CEC12 /* ImageSelectedOn@3x.png */,
				A72B23071EEE3D1C009CEC12 /* ImageSelectedSmallOff.png */,
				A72B23081EEE3D1C009CEC12 /* ImageSelectedSmallOff@2x.png */,
				A72B23091EEE3D1C009CEC12 /* ImageSelectedSmallOff@3x.png */,
				A72B230A1EEE3D1C009CEC12 /* ImageSelectedSmallOn.png */,
				A72B230B1EEE3D1C009CEC12 /* ImageSelectedSmallOn@2x.png */,
				A72B230C1EEE3D1C009CEC12 /* ImageSelectedSmallOn@3x.png */,
				A72B230D1EEE3D1C009CEC12 /* PlayButtonOverlayLarge.png */,
				A72B230E1EEE3D1C009CEC12 /* PlayButtonOverlayLarge@2x.png */,
				A72B230F1EEE3D1C009CEC12 /* PlayButtonOverlayLarge@3x.png */,
				A72B23101EEE3D1C009CEC12 /* PlayButtonOverlayLargeTap.png */,
				A72B23111EEE3D1C009CEC12 /* PlayButtonOverlayLargeTap@2x.png */,
				A72B23121EEE3D1C009CEC12 /* PlayButtonOverlayLargeTap@3x.png */,
				A72B23131EEE3D1C009CEC12 /* UIBarButtonItemArrowLeft.png */,
				A72B23141EEE3D1C009CEC12 /* UIBarButtonItemArrowLeft@2x.png */,
				A72B23151EEE3D1C009CEC12 /* UIBarButtonItemArrowLeft@3x.png */,
				A72B23161EEE3D1C009CEC12 /* UIBarButtonItemArrowOutlineLeft.png */,
				A72B23171EEE3D1C009CEC12 /* UIBarButtonItemArrowOutlineLeft@2x.png */,
				A72B23181EEE3D1C009CEC12 /* UIBarButtonItemArrowOutlineRight.png */,
				A72B23191EEE3D1C009CEC12 /* UIBarButtonItemArrowOutlineRight@2x.png */,
				A72B231A1EEE3D1C009CEC12 /* UIBarButtonItemArrowRight.png */,
				A72B231B1EEE3D1C009CEC12 /* UIBarButtonItemArrowRight@2x.png */,
				A72B231C1EEE3D1C009CEC12 /* UIBarButtonItemArrowRight@3x.png */,
				A72B231D1EEE3D1C009CEC12 /* UIBarButtonItemGrid.png */,
				A72B231E1EEE3D1C009CEC12 /* UIBarButtonItemGrid@2x.png */,
				A72B231F1EEE3D1C009CEC12 /* UIBarButtonItemGrid@3x.png */,
				A72B23201EEE3D1C009CEC12 /* UIBarButtonItemGridiOS6.png */,
				A72B23211EEE3D1C009CEC12 /* UIBarButtonItemGridiOS6@2x.png */,
				A72B23221EEE3D1C009CEC12 /* VideoOverlay.png */,
				A72B23231EEE3D1C009CEC12 /* VideoOverlay@2x.png */,
				A72B23241EEE3D1C009CEC12 /* VideoOverlay@3x.png */,
			);
			path = LJPhotoBrowser;
			sourceTree = "<group>";
		};
		A779A6081EE99B1700A5C6EF /* Sources */ = {
			isa = PBXGroup;
			children = (
				A72B22FB1EEE3D1C009CEC12 /* LJPhotoBrowser */,
				A779A60A1EE99B1700A5C6EF /* Photos */,
			);
			name = Sources;
			path = LJPhotoBrowser/Sources;
			sourceTree = "<group>";
		};
		A779A60A1EE99B1700A5C6EF /* Photos */ = {
			isa = PBXGroup;
			children = (
				A779A60B1EE99B1700A5C6EF /* photo1.jpg */,
				A779A60C1EE99B1700A5C6EF /* photo10.jpg */,
				A779A60D1EE99B1700A5C6EF /* photo11.jpg */,
				A779A60E1EE99B1700A5C6EF /* photo2.jpg */,
				A779A60F1EE99B1700A5C6EF /* photo3.jpg */,
				A779A6101EE99B1700A5C6EF /* photo4.jpg */,
				A779A6111EE99B1700A5C6EF /* photo5.jpg */,
				A779A6121EE99B1700A5C6EF /* photo6.jpg */,
				A779A6131EE99B1700A5C6EF /* photo7.jpg */,
				A779A6141EE99B1700A5C6EF /* photo8.jpg */,
				A779A6151EE99B1700A5C6EF /* photo9.jpg */,
				A71DC4641EEB878B000DE03E /* photo11.gif */,
				A71DC47C1EED2D14000DE03E /* video_thumb.jpg */,
				A71DC47D1EED2D14000DE03E /* video.mp4 */,
			);
			path = Photos;
			sourceTree = "<group>";
		};
		A7B59A381EDD3E0700C3CB42 = {
			isa = PBXGroup;
			children = (
				A7B59A431EDD3E0700C3CB42 /* LJPhotoBrowser */,
				A7B59A421EDD3E0700C3CB42 /* Products */,
				873B536080E1B24FEB39BDF3 /* Pods */,
				A9A8ACD2DE437EECA74EDB7F /* Frameworks */,
			);
			sourceTree = "<group>";
		};
		A7B59A421EDD3E0700C3CB42 /* Products */ = {
			isa = PBXGroup;
			children = (
				A7B59A411EDD3E0700C3CB42 /* LJPhotoBrowser.app */,
				A7B59A5A1EDD3E0700C3CB42 /* LJPhotoBrowserTests.xctest */,
				A7B59A651EDD3E0700C3CB42 /* LJPhotoBrowserUITests.xctest */,
			);
			name = Products;
			sourceTree = "<group>";
		};
		A7B59A431EDD3E0700C3CB42 /* LJPhotoBrowser */ = {
			isa = PBXGroup;
			children = (
				A7F62DBC1EDEA0E40082C324 /* LJPhotoBrowser */,
				A7B59A471EDD3E0700C3CB42 /* AppDelegate.h */,
				A7B59A481EDD3E0700C3CB42 /* AppDelegate.m */,
				A7F62DCC1EDEA68B0082C324 /* ViewController.h */,
				A7F62DCD1EDEA68B0082C324 /* ViewController.m */,
				A7B59A4D1EDD3E0700C3CB42 /* Main.storyboard */,
				A779A6081EE99B1700A5C6EF /* Sources */,
				A7B59A501EDD3E0700C3CB42 /* Assets.xcassets */,
				A7B59A521EDD3E0700C3CB42 /* LaunchScreen.storyboard */,
				A7B59A551EDD3E0700C3CB42 /* Info.plist */,
				A7B59A441EDD3E0700C3CB42 /* Supporting Files */,
			);
			path = LJPhotoBrowser;
			sourceTree = "<group>";
		};
		A7B59A441EDD3E0700C3CB42 /* Supporting Files */ = {
			isa = PBXGroup;
			children = (
				A7B59A451EDD3E0700C3CB42 /* main.m */,
			);
			name = "Supporting Files";
			sourceTree = "<group>";
		};
		A7F62DBC1EDEA0E40082C324 /* LJPhotoBrowser */ = {
			isa = PBXGroup;
			children = (
				A7F62DBD1EDEA0E40082C324 /* Classes */,
			);
			path = LJPhotoBrowser;
			sourceTree = "<group>";
		};
		A7F62DBD1EDEA0E40082C324 /* Classes */ = {
			isa = PBXGroup;
			children = (
				A7F62DC11EDEA4B00082C324 /* LJPhotoBrowser */,
				A7F62DC01EDEA4AC0082C324 /* Others */,
			);
			path = Classes;
			sourceTree = "<group>";
		};
		A7F62DC01EDEA4AC0082C324 /* Others */ = {
			isa = PBXGroup;
			children = (
				A71DC4191EEA0C8C000DE03E /* LJZoomingScrollView.h */,
				A71DC41A1EEA0C8C000DE03E /* LJZoomingScrollView.m */,
				A71DC4121EE9A0B7000DE03E /* LJTapDetectingImageView.h */,
				A71DC4131EE9A0B7000DE03E /* LJTapDetectingImageView.m */,
				A71DC4151EE9A0D0000DE03E /* LJTapDetectingView.h */,
				A71DC4161EE9A0D0000DE03E /* LJTapDetectingView.m */,
				A71DC4791EED0BAE000DE03E /* LJBrowserHelper.h */,
				A71DC47A1EED0BAE000DE03E /* LJBrowserHelper.m */,
			);
			name = Others;
			sourceTree = "<group>";
		};
		A7F62DC11EDEA4B00082C324 /* LJPhotoBrowser */ = {
			isa = PBXGroup;
			children = (
				A7F62DC21EDEA4D10082C324 /* LJCommonMacro.h */,
				A7F62DD61EDEACDA0082C324 /* LJPhotoProtocol.h */,
				A71DC4631EEB6C4B000DE03E /* LJPhotoBrowserPrivate.h */,
				A7F62DD81EDEAFE60082C324 /* LJPhoto.h */,
				A7F62DD91EDEAFE60082C324 /* LJPhoto.m */,
				A7F62DDB1EDEB1330082C324 /* LJPhotoBrowser.h */,
				A7F62DDC1EDEB1330082C324 /* LJPhotoBrowser.m */,
			);
			name = LJPhotoBrowser;
			sourceTree = "<group>";
		};
		A9A8ACD2DE437EECA74EDB7F /* Frameworks */ = {
			isa = PBXGroup;
			children = (
				F8DAB0830572F6EB487CF815 /* libPods-LJPhotoBrowser.a */,
			);
			name = Frameworks;
			sourceTree = "<group>";
		};
/* End PBXGroup section */

/* Begin PBXNativeTarget section */
		A7B59A401EDD3E0700C3CB42 /* LJPhotoBrowser */ = {
			isa = PBXNativeTarget;
			buildConfigurationList = A7B59A6E1EDD3E0700C3CB42 /* Build configuration list for PBXNativeTarget "LJPhotoBrowser" */;
			buildPhases = (
				88B76F8913ED5BF2152E2842 /* [CP] Check Pods Manifest.lock */,
				A7B59A3D1EDD3E0700C3CB42 /* Sources */,
				A7B59A3E1EDD3E0700C3CB42 /* Frameworks */,
				A7B59A3F1EDD3E0700C3CB42 /* Resources */,
				994DEF3B5F17AAF5E11A6784 /* [CP] Embed Pods Frameworks */,
				D8075764AB3129D0EC5391C9 /* [CP] Copy Pods Resources */,
			);
			buildRules = (
			);
			dependencies = (
			);
			name = LJPhotoBrowser;
			productName = LJPhotoBrowser;
			productReference = A7B59A411EDD3E0700C3CB42 /* LJPhotoBrowser.app */;
			productType = "com.apple.product-type.application";
		};
		A7B59A591EDD3E0700C3CB42 /* LJPhotoBrowserTests */ = {
			isa = PBXNativeTarget;
			buildConfigurationList = A7B59A711EDD3E0700C3CB42 /* Build configuration list for PBXNativeTarget "LJPhotoBrowserTests" */;
			buildPhases = (
				A7B59A561EDD3E0700C3CB42 /* Sources */,
				A7B59A571EDD3E0700C3CB42 /* Frameworks */,
				A7B59A581EDD3E0700C3CB42 /* Resources */,
			);
			buildRules = (
			);
			dependencies = (
				A7B59A5C1EDD3E0700C3CB42 /* PBXTargetDependency */,
			);
			name = LJPhotoBrowserTests;
			productName = LJPhotoBrowserTests;
			productReference = A7B59A5A1EDD3E0700C3CB42 /* LJPhotoBrowserTests.xctest */;
			productType = "com.apple.product-type.bundle.unit-test";
		};
		A7B59A641EDD3E0700C3CB42 /* LJPhotoBrowserUITests */ = {
			isa = PBXNativeTarget;
			buildConfigurationList = A7B59A741EDD3E0700C3CB42 /* Build configuration list for PBXNativeTarget "LJPhotoBrowserUITests" */;
			buildPhases = (
				A7B59A611EDD3E0700C3CB42 /* Sources */,
				A7B59A621EDD3E0700C3CB42 /* Frameworks */,
				A7B59A631EDD3E0700C3CB42 /* Resources */,
			);
			buildRules = (
			);
			dependencies = (
				A7B59A671EDD3E0700C3CB42 /* PBXTargetDependency */,
			);
			name = LJPhotoBrowserUITests;
			productName = LJPhotoBrowserUITests;
			productReference = A7B59A651EDD3E0700C3CB42 /* LJPhotoBrowserUITests.xctest */;
			productType = "com.apple.product-type.bundle.ui-testing";
		};
/* End PBXNativeTarget section */

/* Begin PBXProject section */
		A7B59A391EDD3E0700C3CB42 /* Project object */ = {
			isa = PBXProject;
			attributes = {
				LastUpgradeCheck = 0830;
				ORGANIZATIONNAME = "https://liuliangju.github.io";
				TargetAttributes = {
					A7B59A401EDD3E0700C3CB42 = {
						CreatedOnToolsVersion = 8.3.2;
						DevelopmentTeam = ZKWSDFFC99;
						ProvisioningStyle = Automatic;
					};
					A7B59A591EDD3E0700C3CB42 = {
						CreatedOnToolsVersion = 8.3.2;
						DevelopmentTeam = ZKWSDFFC99;
						ProvisioningStyle = Automatic;
						TestTargetID = A7B59A401EDD3E0700C3CB42;
					};
					A7B59A641EDD3E0700C3CB42 = {
						CreatedOnToolsVersion = 8.3.2;
						DevelopmentTeam = ZKWSDFFC99;
						ProvisioningStyle = Automatic;
						TestTargetID = A7B59A401EDD3E0700C3CB42;
					};
				};
			};
			buildConfigurationList = A7B59A3C1EDD3E0700C3CB42 /* Build configuration list for PBXProject "LJPhotoBrowser" */;
			compatibilityVersion = "Xcode 3.2";
			developmentRegion = English;
			hasScannedForEncodings = 0;
			knownRegions = (
				en,
				Base,
			);
			mainGroup = A7B59A381EDD3E0700C3CB42;
			productRefGroup = A7B59A421EDD3E0700C3CB42 /* Products */;
			projectDirPath = "";
			projectRoot = "";
			targets = (
				A7B59A401EDD3E0700C3CB42 /* LJPhotoBrowser */,
				A7B59A591EDD3E0700C3CB42 /* LJPhotoBrowserTests */,
				A7B59A641EDD3E0700C3CB42 /* LJPhotoBrowserUITests */,
			);
		};
/* End PBXProject section */

/* Begin PBXResourcesBuildPhase section */
		A7B59A3F1EDD3E0700C3CB42 /* Resources */ = {
			isa = PBXResourcesBuildPhase;
			buildActionMask = 2147483647;
			files = (
				A71DC47E1EED2D14000DE03E /* video_thumb.jpg in Resources */,
				A779A61C1EE99B1700A5C6EF /* photo4.jpg in Resources */,
				A72B233A1EEE3D1C009CEC12 /* PlayButtonOverlayLargeTap@2x.png in Resources */,
				A72B23491EEE3D1C009CEC12 /* UIBarButtonItemGridiOS6.png in Resources */,
				A779A61E1EE99B1700A5C6EF /* photo6.jpg in Resources */,
				A72B234D1EEE3D1C009CEC12 /* VideoOverlay@3x.png in Resources */,
				A779A61B1EE99B1700A5C6EF /* photo3.jpg in Resources */,
				A72B23281EEE3D1C009CEC12 /* ImageError@2x.png in Resources */,
				A72B23351EEE3D1C009CEC12 /* ImageSelectedSmallOn@3x.png in Resources */,
				A72B232B1EEE3D1C009CEC12 /* ImageSelectedOff@2x.png in Resources */,
				A779A61F1EE99B1700A5C6EF /* photo7.jpg in Resources */,
				A72B23291EEE3D1C009CEC12 /* ImageError@3x.png in Resources */,
				A7B59A541EDD3E0700C3CB42 /* LaunchScreen.storyboard in Resources */,
				A72B233F1EEE3D1C009CEC12 /* UIBarButtonItemArrowOutlineLeft.png in Resources */,
				A779A61D1EE99B1700A5C6EF /* photo5.jpg in Resources */,
				A72B23371EEE3D1C009CEC12 /* PlayButtonOverlayLarge@2x.png in Resources */,
				A72B234A1EEE3D1C009CEC12 /* UIBarButtonItemGridiOS6@2x.png in Resources */,
				A72B23251EEE3D1C009CEC12 /* Checkmark.png in Resources */,
				A72B23301EEE3D1C009CEC12 /* ImageSelectedSmallOff.png in Resources */,
				A779A6171EE99B1700A5C6EF /* photo1.jpg in Resources */,
				A7B59A511EDD3E0700C3CB42 /* Assets.xcassets in Resources */,
				A72B234B1EEE3D1C009CEC12 /* VideoOverlay.png in Resources */,
				A72B232F1EEE3D1C009CEC12 /* ImageSelectedOn@3x.png in Resources */,
				A72B23341EEE3D1C009CEC12 /* ImageSelectedSmallOn@2x.png in Resources */,
				A72B23471EEE3D1C009CEC12 /* UIBarButtonItemGrid@2x.png in Resources */,
				A72B23391EEE3D1C009CEC12 /* PlayButtonOverlayLargeTap.png in Resources */,
				A72B23451EEE3D1C009CEC12 /* UIBarButtonItemArrowRight@3x.png in Resources */,
				A72B234C1EEE3D1C009CEC12 /* VideoOverlay@2x.png in Resources */,
				A72B23441EEE3D1C009CEC12 /* UIBarButtonItemArrowRight@2x.png in Resources */,
				A72B233E1EEE3D1C009CEC12 /* UIBarButtonItemArrowLeft@3x.png in Resources */,
				A72B23401EEE3D1C009CEC12 /* UIBarButtonItemArrowOutlineLeft@2x.png in Resources */,
				A72B23461EEE3D1C009CEC12 /* UIBarButtonItemGrid.png in Resources */,
				A72B233C1EEE3D1C009CEC12 /* UIBarButtonItemArrowLeft.png in Resources */,
				A779A6181EE99B1700A5C6EF /* photo10.jpg in Resources */,
				A72B23431EEE3D1C009CEC12 /* UIBarButtonItemArrowRight.png in Resources */,
				A72B233B1EEE3D1C009CEC12 /* PlayButtonOverlayLargeTap@3x.png in Resources */,
				A779A6201EE99B1700A5C6EF /* photo8.jpg in Resources */,
				A72B23271EEE3D1C009CEC12 /* ImageError.png in Resources */,
				A71DC4651EEB878B000DE03E /* photo11.gif in Resources */,
				A72B23331EEE3D1C009CEC12 /* ImageSelectedSmallOn.png in Resources */,
				A72B23411EEE3D1C009CEC12 /* UIBarButtonItemArrowOutlineRight.png in Resources */,
				A72B23261EEE3D1C009CEC12 /* Checkmark@2x.png in Resources */,
				A71DC47F1EED2D14000DE03E /* video.mp4 in Resources */,
				A72B23381EEE3D1C009CEC12 /* PlayButtonOverlayLarge@3x.png in Resources */,
				A72B233D1EEE3D1C009CEC12 /* UIBarButtonItemArrowLeft@2x.png in Resources */,
				A72B232D1EEE3D1C009CEC12 /* ImageSelectedOn.png in Resources */,
				A7B59A4F1EDD3E0700C3CB42 /* Main.storyboard in Resources */,
				A779A6211EE99B1700A5C6EF /* photo9.jpg in Resources */,
				A72B23361EEE3D1C009CEC12 /* PlayButtonOverlayLarge.png in Resources */,
				A779A6191EE99B1700A5C6EF /* photo11.jpg in Resources */,
				A72B23321EEE3D1C009CEC12 /* ImageSelectedSmallOff@3x.png in Resources */,
				A72B232E1EEE3D1C009CEC12 /* ImageSelectedOn@2x.png in Resources */,
				A72B23421EEE3D1C009CEC12 /* UIBarButtonItemArrowOutlineRight@2x.png in Resources */,
				A72B232A1EEE3D1C009CEC12 /* ImageSelectedOff.png in Resources */,
				A72B232C1EEE3D1C009CEC12 /* ImageSelectedOff@3x.png in Resources */,
				A72B23311EEE3D1C009CEC12 /* ImageSelectedSmallOff@2x.png in Resources */,
				A72B23481EEE3D1C009CEC12 /* UIBarButtonItemGrid@3x.png in Resources */,
				A779A61A1EE99B1700A5C6EF /* photo2.jpg in Resources */,
			);
			runOnlyForDeploymentPostprocessing = 0;
		};
		A7B59A581EDD3E0700C3CB42 /* Resources */ = {
			isa = PBXResourcesBuildPhase;
			buildActionMask = 2147483647;
			files = (
			);
			runOnlyForDeploymentPostprocessing = 0;
		};
		A7B59A631EDD3E0700C3CB42 /* Resources */ = {
			isa = PBXResourcesBuildPhase;
			buildActionMask = 2147483647;
			files = (
			);
			runOnlyForDeploymentPostprocessing = 0;
		};
/* End PBXResourcesBuildPhase section */

/* Begin PBXShellScriptBuildPhase section */
		88B76F8913ED5BF2152E2842 /* [CP] Check Pods Manifest.lock */ = {
			isa = PBXShellScriptBuildPhase;
			buildActionMask = 2147483647;
			files = (
			);
			inputPaths = (
			);
			name = "[CP] Check Pods Manifest.lock";
			outputPaths = (
			);
			runOnlyForDeploymentPostprocessing = 0;
			shellPath = /bin/sh;
			shellScript = "diff \"${PODS_PODFILE_DIR_PATH}/Podfile.lock\" \"${PODS_ROOT}/Manifest.lock\" > /dev/null\nif [ $? != 0 ] ; then\n    # print error to STDERR\n    echo \"error: The sandbox is not in sync with the Podfile.lock. Run 'pod install' or update your CocoaPods installation.\" >&2\n    exit 1\nfi\n";
			showEnvVarsInLog = 0;
		};
		994DEF3B5F17AAF5E11A6784 /* [CP] Embed Pods Frameworks */ = {
			isa = PBXShellScriptBuildPhase;
			buildActionMask = 2147483647;
			files = (
			);
			inputPaths = (
			);
			name = "[CP] Embed Pods Frameworks";
			outputPaths = (
			);
			runOnlyForDeploymentPostprocessing = 0;
			shellPath = /bin/sh;
			shellScript = "\"${SRCROOT}/Pods/Target Support Files/Pods-LJPhotoBrowser/Pods-LJPhotoBrowser-frameworks.sh\"\n";
			showEnvVarsInLog = 0;
		};
		D8075764AB3129D0EC5391C9 /* [CP] Copy Pods Resources */ = {
			isa = PBXShellScriptBuildPhase;
			buildActionMask = 2147483647;
			files = (
			);
			inputPaths = (
			);
			name = "[CP] Copy Pods Resources";
			outputPaths = (
			);
			runOnlyForDeploymentPostprocessing = 0;
			shellPath = /bin/sh;
			shellScript = "\"${SRCROOT}/Pods/Target Support Files/Pods-LJPhotoBrowser/Pods-LJPhotoBrowser-resources.sh\"\n";
			showEnvVarsInLog = 0;
		};
/* End PBXShellScriptBuildPhase section */

/* Begin PBXSourcesBuildPhase section */
		A7B59A3D1EDD3E0700C3CB42 /* Sources */ = {
			isa = PBXSourcesBuildPhase;
			buildActionMask = 2147483647;
			files = (
				A7F62DCE1EDEA68B0082C324 /* ViewController.m in Sources */,
				A7B59A491EDD3E0700C3CB42 /* AppDelegate.m in Sources */,
				A7F62DDD1EDEB1340082C324 /* LJPhotoBrowser.m in Sources */,
				A71DC47B1EED0BAE000DE03E /* LJBrowserHelper.m in Sources */,
				A7B59A461EDD3E0700C3CB42 /* main.m in Sources */,
				A7F62DDA1EDEAFE60082C324 /* LJPhoto.m in Sources */,
				A71DC4171EE9A0D0000DE03E /* LJTapDetectingView.m in Sources */,
				A71DC41B1EEA0C8C000DE03E /* LJZoomingScrollView.m in Sources */,
				A71DC4141EE9A0B7000DE03E /* LJTapDetectingImageView.m in Sources */,
			);
			runOnlyForDeploymentPostprocessing = 0;
		};
		A7B59A561EDD3E0700C3CB42 /* Sources */ = {
			isa = PBXSourcesBuildPhase;
			buildActionMask = 2147483647;
			files = (
			);
			runOnlyForDeploymentPostprocessing = 0;
		};
		A7B59A611EDD3E0700C3CB42 /* Sources */ = {
			isa = PBXSourcesBuildPhase;
			buildActionMask = 2147483647;
			files = (
			);
			runOnlyForDeploymentPostprocessing = 0;
		};
/* End PBXSourcesBuildPhase section */

/* Begin PBXTargetDependency section */
		A7B59A5C1EDD3E0700C3CB42 /* PBXTargetDependency */ = {
			isa = PBXTargetDependency;
			target = A7B59A401EDD3E0700C3CB42 /* LJPhotoBrowser */;
			targetProxy = A7B59A5B1EDD3E0700C3CB42 /* PBXContainerItemProxy */;
		};
		A7B59A671EDD3E0700C3CB42 /* PBXTargetDependency */ = {
			isa = PBXTargetDependency;
			target = A7B59A401EDD3E0700C3CB42 /* LJPhotoBrowser */;
			targetProxy = A7B59A661EDD3E0700C3CB42 /* PBXContainerItemProxy */;
		};
/* End PBXTargetDependency section */

/* Begin PBXVariantGroup section */
		A7B59A4D1EDD3E0700C3CB42 /* Main.storyboard */ = {
			isa = PBXVariantGroup;
			children = (
				A7B59A4E1EDD3E0700C3CB42 /* Base */,
			);
			name = Main.storyboard;
			sourceTree = "<group>";
		};
		A7B59A521EDD3E0700C3CB42 /* LaunchScreen.storyboard */ = {
			isa = PBXVariantGroup;
			children = (
				A7B59A531EDD3E0700C3CB42 /* Base */,
			);
			name = LaunchScreen.storyboard;
			sourceTree = "<group>";
		};
/* End PBXVariantGroup section */

/* Begin XCBuildConfiguration section */
		A7B59A6C1EDD3E0700C3CB42 /* Debug */ = {
			isa = XCBuildConfiguration;
			buildSettings = {
				ALWAYS_SEARCH_USER_PATHS = NO;
				CLANG_ANALYZER_NONNULL = YES;
				CLANG_ANALYZER_NUMBER_OBJECT_CONVERSION = YES_AGGRESSIVE;
				CLANG_CXX_LANGUAGE_STANDARD = "gnu++0x";
				CLANG_CXX_LIBRARY = "libc++";
				CLANG_ENABLE_MODULES = YES;
				CLANG_ENABLE_OBJC_ARC = YES;
				CLANG_WARN_BOOL_CONVERSION = YES;
				CLANG_WARN_CONSTANT_CONVERSION = YES;
				CLANG_WARN_DIRECT_OBJC_ISA_USAGE = YES_ERROR;
				CLANG_WARN_DOCUMENTATION_COMMENTS = YES;
				CLANG_WARN_EMPTY_BODY = YES;
				CLANG_WARN_ENUM_CONVERSION = YES;
				CLANG_WARN_INFINITE_RECURSION = YES;
				CLANG_WARN_INT_CONVERSION = YES;
				CLANG_WARN_OBJC_ROOT_CLASS = YES_ERROR;
				CLANG_WARN_SUSPICIOUS_MOVE = YES;
				CLANG_WARN_UNREACHABLE_CODE = YES;
				CLANG_WARN__DUPLICATE_METHOD_MATCH = YES;
				"CODE_SIGN_IDENTITY[sdk=iphoneos*]" = "iPhone Developer";
				COPY_PHASE_STRIP = NO;
				DEBUG_INFORMATION_FORMAT = dwarf;
				ENABLE_STRICT_OBJC_MSGSEND = YES;
				ENABLE_TESTABILITY = YES;
				GCC_C_LANGUAGE_STANDARD = gnu99;
				GCC_DYNAMIC_NO_PIC = NO;
				GCC_NO_COMMON_BLOCKS = YES;
				GCC_OPTIMIZATION_LEVEL = 0;
				GCC_PREPROCESSOR_DEFINITIONS = (
					"DEBUG=1",
					"$(inherited)",
				);
				GCC_WARN_64_TO_32_BIT_CONVERSION = YES;
				GCC_WARN_ABOUT_RETURN_TYPE = YES_ERROR;
				GCC_WARN_UNDECLARED_SELECTOR = YES;
				GCC_WARN_UNINITIALIZED_AUTOS = YES_AGGRESSIVE;
				GCC_WARN_UNUSED_FUNCTION = YES;
				GCC_WARN_UNUSED_VARIABLE = YES;
				IPHONEOS_DEPLOYMENT_TARGET = 10.3;
				MTL_ENABLE_DEBUG_INFO = YES;
				ONLY_ACTIVE_ARCH = YES;
				SDKROOT = iphoneos;
				TARGETED_DEVICE_FAMILY = "1,2";
			};
			name = Debug;
		};
		A7B59A6D1EDD3E0700C3CB42 /* Release */ = {
			isa = XCBuildConfiguration;
			buildSettings = {
				ALWAYS_SEARCH_USER_PATHS = NO;
				CLANG_ANALYZER_NONNULL = YES;
				CLANG_ANALYZER_NUMBER_OBJECT_CONVERSION = YES_AGGRESSIVE;
				CLANG_CXX_LANGUAGE_STANDARD = "gnu++0x";
				CLANG_CXX_LIBRARY = "libc++";
				CLANG_ENABLE_MODULES = YES;
				CLANG_ENABLE_OBJC_ARC = YES;
				CLANG_WARN_BOOL_CONVERSION = YES;
				CLANG_WARN_CONSTANT_CONVERSION = YES;
				CLANG_WARN_DIRECT_OBJC_ISA_USAGE = YES_ERROR;
				CLANG_WARN_DOCUMENTATION_COMMENTS = YES;
				CLANG_WARN_EMPTY_BODY = YES;
				CLANG_WARN_ENUM_CONVERSION = YES;
				CLANG_WARN_INFINITE_RECURSION = YES;
				CLANG_WARN_INT_CONVERSION = YES;
				CLANG_WARN_OBJC_ROOT_CLASS = YES_ERROR;
				CLANG_WARN_SUSPICIOUS_MOVE = YES;
				CLANG_WARN_UNREACHABLE_CODE = YES;
				CLANG_WARN__DUPLICATE_METHOD_MATCH = YES;
				"CODE_SIGN_IDENTITY[sdk=iphoneos*]" = "iPhone Developer";
				COPY_PHASE_STRIP = NO;
				DEBUG_INFORMATION_FORMAT = "dwarf-with-dsym";
				ENABLE_NS_ASSERTIONS = NO;
				ENABLE_STRICT_OBJC_MSGSEND = YES;
				GCC_C_LANGUAGE_STANDARD = gnu99;
				GCC_NO_COMMON_BLOCKS = YES;
				GCC_WARN_64_TO_32_BIT_CONVERSION = YES;
				GCC_WARN_ABOUT_RETURN_TYPE = YES_ERROR;
				GCC_WARN_UNDECLARED_SELECTOR = YES;
				GCC_WARN_UNINITIALIZED_AUTOS = YES_AGGRESSIVE;
				GCC_WARN_UNUSED_FUNCTION = YES;
				GCC_WARN_UNUSED_VARIABLE = YES;
				IPHONEOS_DEPLOYMENT_TARGET = 10.3;
				MTL_ENABLE_DEBUG_INFO = NO;
				SDKROOT = iphoneos;
				TARGETED_DEVICE_FAMILY = "1,2";
				VALIDATE_PRODUCT = YES;
			};
			name = Release;
		};
		A7B59A6F1EDD3E0700C3CB42 /* Debug */ = {
			isa = XCBuildConfiguration;
			baseConfigurationReference = D71462B4410BFCF65FE7377E /* Pods-LJPhotoBrowser.debug.xcconfig */;
			buildSettings = {
				ASSETCATALOG_COMPILER_APPICON_NAME = AppIcon;
				DEVELOPMENT_TEAM = ZKWSDFFC99;
				INFOPLIST_FILE = LJPhotoBrowser/Info.plist;
				IPHONEOS_DEPLOYMENT_TARGET = 8.0;
				LD_RUNPATH_SEARCH_PATHS = "$(inherited) @executable_path/Frameworks";
				PRODUCT_BUNDLE_IDENTIFIER = liangju.LJPhotoBrowser;
				PRODUCT_NAME = "$(TARGET_NAME)";
			};
			name = Debug;
		};
		A7B59A701EDD3E0700C3CB42 /* Release */ = {
			isa = XCBuildConfiguration;
			baseConfigurationReference = 95B557956D501754D5CE8C48 /* Pods-LJPhotoBrowser.release.xcconfig */;
			buildSettings = {
				ASSETCATALOG_COMPILER_APPICON_NAME = AppIcon;
				DEVELOPMENT_TEAM = ZKWSDFFC99;
				INFOPLIST_FILE = LJPhotoBrowser/Info.plist;
				IPHONEOS_DEPLOYMENT_TARGET = 8.0;
				LD_RUNPATH_SEARCH_PATHS = "$(inherited) @executable_path/Frameworks";
				PRODUCT_BUNDLE_IDENTIFIER = liangju.LJPhotoBrowser;
				PRODUCT_NAME = "$(TARGET_NAME)";
			};
			name = Release;
		};
		A7B59A721EDD3E0700C3CB42 /* Debug */ = {
			isa = XCBuildConfiguration;
			buildSettings = {
				BUNDLE_LOADER = "$(TEST_HOST)";
				DEVELOPMENT_TEAM = ZKWSDFFC99;
				INFOPLIST_FILE = LJPhotoBrowserTests/Info.plist;
				LD_RUNPATH_SEARCH_PATHS = "$(inherited) @executable_path/Frameworks @loader_path/Frameworks";
				PRODUCT_BUNDLE_IDENTIFIER = liangju.LJPhotoBrowserTests;
				PRODUCT_NAME = "$(TARGET_NAME)";
				TEST_HOST = "$(BUILT_PRODUCTS_DIR)/LJPhotoBrowser.app/LJPhotoBrowser";
			};
			name = Debug;
		};
		A7B59A731EDD3E0700C3CB42 /* Release */ = {
			isa = XCBuildConfiguration;
			buildSettings = {
				BUNDLE_LOADER = "$(TEST_HOST)";
				DEVELOPMENT_TEAM = ZKWSDFFC99;
				INFOPLIST_FILE = LJPhotoBrowserTests/Info.plist;
				LD_RUNPATH_SEARCH_PATHS = "$(inherited) @executable_path/Frameworks @loader_path/Frameworks";
				PRODUCT_BUNDLE_IDENTIFIER = liangju.LJPhotoBrowserTests;
				PRODUCT_NAME = "$(TARGET_NAME)";
				TEST_HOST = "$(BUILT_PRODUCTS_DIR)/LJPhotoBrowser.app/LJPhotoBrowser";
			};
			name = Release;
		};
		A7B59A751EDD3E0700C3CB42 /* Debug */ = {
			isa = XCBuildConfiguration;
			buildSettings = {
				DEVELOPMENT_TEAM = ZKWSDFFC99;
				INFOPLIST_FILE = LJPhotoBrowserUITests/Info.plist;
				LD_RUNPATH_SEARCH_PATHS = "$(inherited) @executable_path/Frameworks @loader_path/Frameworks";
				PRODUCT_BUNDLE_IDENTIFIER = liangju.LJPhotoBrowserUITests;
				PRODUCT_NAME = "$(TARGET_NAME)";
				TEST_TARGET_NAME = LJPhotoBrowser;
			};
			name = Debug;
		};
		A7B59A761EDD3E0700C3CB42 /* Release */ = {
			isa = XCBuildConfiguration;
			buildSettings = {
				DEVELOPMENT_TEAM = ZKWSDFFC99;
				INFOPLIST_FILE = LJPhotoBrowserUITests/Info.plist;
				LD_RUNPATH_SEARCH_PATHS = "$(inherited) @executable_path/Frameworks @loader_path/Frameworks";
				PRODUCT_BUNDLE_IDENTIFIER = liangju.LJPhotoBrowserUITests;
				PRODUCT_NAME = "$(TARGET_NAME)";
				TEST_TARGET_NAME = LJPhotoBrowser;
			};
			name = Release;
		};
/* End XCBuildConfiguration section */

/* Begin XCConfigurationList section */
		A7B59A3C1EDD3E0700C3CB42 /* Build configuration list for PBXProject "LJPhotoBrowser" */ = {
			isa = XCConfigurationList;
			buildConfigurations = (
				A7B59A6C1EDD3E0700C3CB42 /* Debug */,
				A7B59A6D1EDD3E0700C3CB42 /* Release */,
			);
			defaultConfigurationIsVisible = 0;
			defaultConfigurationName = Release;
		};
		A7B59A6E1EDD3E0700C3CB42 /* Build configuration list for PBXNativeTarget "LJPhotoBrowser" */ = {
			isa = XCConfigurationList;
			buildConfigurations = (
				A7B59A6F1EDD3E0700C3CB42 /* Debug */,
				A7B59A701EDD3E0700C3CB42 /* Release */,
			);
			defaultConfigurationIsVisible = 0;
			defaultConfigurationName = Release;
		};
		A7B59A711EDD3E0700C3CB42 /* Build configuration list for PBXNativeTarget "LJPhotoBrowserTests" */ = {
			isa = XCConfigurationList;
			buildConfigurations = (
				A7B59A721EDD3E0700C3CB42 /* Debug */,
				A7B59A731EDD3E0700C3CB42 /* Release */,
			);
			defaultConfigurationIsVisible = 0;
			defaultConfigurationName = Release;
		};
		A7B59A741EDD3E0700C3CB42 /* Build configuration list for PBXNativeTarget "LJPhotoBrowserUITests" */ = {
			isa = XCConfigurationList;
			buildConfigurations = (
				A7B59A751EDD3E0700C3CB42 /* Debug */,
				A7B59A761EDD3E0700C3CB42 /* Release */,
			);
			defaultConfigurationIsVisible = 0;
			defaultConfigurationName = Release;
		};
/* End XCConfigurationList section */
	};
	rootObject = A7B59A391EDD3E0700C3CB42 /* Project object */;
}
